
Microsoft Visual Studio Solution File, Format Version 12.00
# Visual Studio Version 16
VisualStudioVersion = 16.0.31313.79
MinimumVisualStudioVersion = 10.0.40219.1
Project("{8BC9CEB8-8B4A-11D0-8D11-00A0C91BC942}") = "lecture2", "chapter10\chapter10.vcxproj", "{12B2A268-AD3F-4F67-8687-407FC3638933}"
EndProject
Project("{8BC9CEB8-8B4A-11D0-8D11-00A0C91BC942}") = "lecture3", "lecture3\lecture3.vcxproj", "{D52C4A89-A8A4-4F1E-9D9B-5C8F1379F2FF}"
EndProject
Project("{8BC9CEB8-8B4A-11D0-8D11-00A0C91BC942}") = "lecture4", "lecture4\lecture4.vcxproj", "{50410401-496D-4EE6-B434-8C44F8473072}"
EndProject
Project("{8BC9CEB8-8B4A-11D0-8D11-00A0C91BC942}") = "lecture5", "lecture5\lecture5.vcxproj", "{3B8CAC14-2EA0-4977-ADDD-6A563D747E4A}"
EndProject
Project("{8BC9CEB8-8B4A-11D0-8D11-00A0C91BC942}") = "lecture6", "lecture6\lecture6.vcxproj", "{3ADAA428-82CB-4788-97B2-91D49BC951A9}"
EndProject
Project("{8BC9CEB8-8B4A-11D0-8D11-00A0C91BC942}") = "lecture7", "lecture7\lecture7.vcxproj", "{9C83C75C-632D-4636-8C76-3C0F187A419F}"
EndProject
Project("{8BC9CEB8-8B4A-11D0-8D11-00A0C91BC942}") = "lecture8", "lecture8\lecture8.vcxproj", "{8E8B492C-893F-46F9-ACE3-19E79E1666DF}"
EndProject
Project("{8BC9CEB8-8B4A-11D0-8D11-00A0C91BC942}") = "lecture11", "lecture11\lecture11.vcxproj", "{0A513301-5DC7-4C0F-90B2-4F3B825BE4D0}"
EndProject
Project("{8BC9CEB8-8B4A-11D0-8D11-00A0C91BC942}") = "lecture13", "lecture13\lecture13.vcxproj", "{14B22099-24F2-426C-87FE-295DD8C37006}"
EndProject
Global
	GlobalSection(SolutionConfigurationPlatforms) = preSolution
		Debug|x64 = Debug|x64
		Debug|x86 = Debug|x86
		Release|x64 = Release|x64
		Release|x86 = Release|x86
	EndGlobalSection
	GlobalSection(ProjectConfigurationPlatforms) = postSolution
		{12B2A268-AD3F-4F67-8687-407FC3638933}.Debug|x64.ActiveCfg = Debug|x64
		{12B2A268-AD3F-4F67-8687-407FC3638933}.Debug|x64.Build.0 = Debug|x64
		{12B2A268-AD3F-4F67-8687-407FC3638933}.Debug|x86.ActiveCfg = Debug|Win32
		{12B2A268-AD3F-4F67-8687-407FC3638933}.Debug|x86.Build.0 = Debug|Win32
		{12B2A268-AD3F-4F67-8687-407FC3638933}.Release|x64.ActiveCfg = Release|x64
		{12B2A268-AD3F-4F67-8687-407FC3638933}.Release|x64.Build.0 = Release|x64
		{12B2A268-AD3F-4F67-8687-407FC3638933}.Release|x86.ActiveCfg = Release|Win32
		{12B2A268-AD3F-4F67-8687-407FC3638933}.Release|x86.Build.0 = Release|Win32
		{D52C4A89-A8A4-4F1E-9D9B-5C8F1379F2FF}.Debug|x64.ActiveCfg = Debug|x64
		{D52C4A89-A8A4-4F1E-9D9B-5C8F1379F2FF}.Debug|x64.Build.0 = Debug|x64
		{D52C4A89-A8A4-4F1E-9D9B-5C8F1379F2FF}.Debug|x86.ActiveCfg = Debug|Win32
		{D52C4A89-A8A4-4F1E-9D9B-5C8F1379F2FF}.Debug|x86.Build.0 = Debug|Win32
		{D52C4A89-A8A4-4F1E-9D9B-5C8F1379F2FF}.Release|x64.ActiveCfg = Release|x64
		{D52C4A89-A8A4-4F1E-9D9B-5C8F1379F2FF}.Release|x64.Build.0 = Release|x64
		{D52C4A89-A8A4-4F1E-9D9B-5C8F1379F2FF}.Release|x86.ActiveCfg = Release|Win32
		{D52C4A89-A8A4-4F1E-9D9B-5C8F1379F2FF}.Release|x86.Build.0 = Release|Win32
		{50410401-496D-4EE6-B434-8C44F8473072}.Debug|x64.ActiveCfg = Debug|x64
		{50410401-496D-4EE6-B434-8C44F8473072}.Debug|x64.Build.0 = Debug|x64
		{50410401-496D-4EE6-B434-8C44F8473072}.Debug|x86.ActiveCfg = Debug|Win32
		{50410401-496D-4EE6-B434-8C44F8473072}.Debug|x86.Build.0 = Debug|Win32
		{50410401-496D-4EE6-B434-8C44F8473072}.Release|x64.ActiveCfg = Release|x64
		{50410401-496D-4EE6-B434-8C44F8473072}.Release|x64.Build.0 = Release|x64
		{50410401-496D-4EE6-B434-8C44F8473072}.Release|x86.ActiveCfg = Release|Win32
		{50410401-496D-4EE6-B434-8C44F8473072}.Release|x86.Build.0 = Release|Win32
		{3B8CAC14-2EA0-4977-ADDD-6A563D747E4A}.Debug|x64.ActiveCfg = Debug|x64
		{3B8CAC14-2EA0-4977-ADDD-6A563D747E4A}.Debug|x64.Build.0 = Debug|x64
		{3B8CAC14-2EA0-4977-ADDD-6A563D747E4A}.Debug|x86.ActiveCfg = Debug|Win32
		{3B8CAC14-2EA0-4977-ADDD-6A563D747E4A}.Debug|x86.Build.0 = Debug|Win32
		{3B8CAC14-2EA0-4977-ADDD-6A563D747E4A}.Release|x64.ActiveCfg = Release|x64
		{3B8CAC14-2EA0-4977-ADDD-6A563D747E4A}.Release|x64.Build.0 = Release|x64
		{3B8CAC14-2EA0-4977-ADDD-6A563D747E4A}.Release|x86.ActiveCfg = Release|Win32
		{3B8CAC14-2EA0-4977-ADDD-6A563D747E4A}.Release|x86.Build.0 = Release|Win32
		{3ADAA428-82CB-4788-97B2-91D49BC951A9}.Debug|x64.ActiveCfg = Debug|x64
		{3ADAA428-82CB-4788-97B2-91D49BC951A9}.Debug|x64.Build.0 = Debug|x64
		{3ADAA428-82CB-4788-97B2-91D49BC951A9}.Debug|x86.ActiveCfg = Debug|Win32
		{3ADAA428-82CB-4788-97B2-91D49BC951A9}.Debug|x86.Build.0 = Debug|Win32
		{3ADAA428-82CB-4788-97B2-91D49BC951A9}.Release|x64.ActiveCfg = Release|x64
		{3ADAA428-82CB-4788-97B2-91D49BC951A9}.Release|x64.Build.0 = Release|x64
		{3ADAA428-82CB-4788-97B2-91D49BC951A9}.Release|x86.ActiveCfg = Release|Win32
		{3ADAA428-82CB-4788-97B2-91D49BC951A9}.Release|x86.Build.0 = Release|Win32
		{9C83C75C-632D-4636-8C76-3C0F187A419F}.Debug|x64.ActiveCfg = Debug|x64
		{9C83C75C-632D-4636-8C76-3C0F187A419F}.Debug|x64.Build.0 = Debug|x64
		{9C83C75C-632D-4636-8C76-3C0F187A419F}.Debug|x86.ActiveCfg = Debug|Win32
		{9C83C75C-632D-4636-8C76-3C0F187A419F}.Debug|x86.Build.0 = Debug|Win32
		{9C83C75C-632D-4636-8C76-3C0F187A419F}.Release|x64.ActiveCfg = Release|x64
		{9C83C75C-632D-4636-8C76-3C0F187A419F}.Release|x64.Build.0 = Release|x64
		{9C83C75C-632D-4636-8C76-3C0F187A419F}.Release|x86.ActiveCfg = Release|Win32
		{9C83C75C-632D-4636-8C76-3C0F187A419F}.Release|x86.Build.0 = Release|Win32
		{8E8B492C-893F-46F9-ACE3-19E79E1666DF}.Debug|x64.ActiveCfg = Debug|x64
		{8E8B492C-893F-46F9-ACE3-19E79E1666DF}.Debug|x64.Build.0 = Debug|x64
		{8E8B492C-893F-46F9-ACE3-19E79E1666DF}.Debug|x86.ActiveCfg = Debug|Win32
		{8E8B492C-893F-46F9-ACE3-19E79E1666DF}.Debug|x86.Build.0 = Debug|Win32
		{8E8B492C-893F-46F9-ACE3-19E79E1666DF}.Release|x64.ActiveCfg = Release|x64
		{8E8B492C-893F-46F9-ACE3-19E79E1666DF}.Release|x64.Build.0 = Release|x64
		{8E8B492C-893F-46F9-ACE3-19E79E1666DF}.Release|x86.ActiveCfg = Release|Win32
		{8E8B492C-893F-46F9-ACE3-19E79E1666DF}.Release|x86.Build.0 = Release|Win32
		{0A513301-5DC7-4C0F-90B2-4F3B825BE4D0}.Debug|x64.ActiveCfg = Debug|x64
		{0A513301-5DC7-4C0F-90B2-4F3B825BE4D0}.Debug|x64.Build.0 = Debug|x64
		{0A513301-5DC7-4C0F-90B2-4F3B825BE4D0}.Debug|x86.ActiveCfg = Debug|Win32
		{0A513301-5DC7-4C0F-90B2-4F3B825BE4D0}.Debug|x86.Build.0 = Debug|Win32
		{0A513301-5DC7-4C0F-90B2-4F3B825BE4D0}.Release|x64.ActiveCfg = Release|x64
		{0A513301-5DC7-4C0F-90B2-4F3B825BE4D0}.Release|x64.Build.0 = Release|x64
		{0A513301-5DC7-4C0F-90B2-4F3B825BE4D0}.Release|x86.ActiveCfg = Release|Win32
		{0A513301-5DC7-4C0F-90B2-4F3B825BE4D0}.Release|x86.Build.0 = Release|Win32
		{14B22099-24F2-426C-87FE-295DD8C37006}.Debug|x64.ActiveCfg = Debug|x64
		{14B22099-24F2-426C-87FE-295DD8C37006}.Debug|x64.Build.0 = Debug|x64
		{14B22099-24F2-426C-87FE-295DD8C37006}.Debug|x86.ActiveCfg = Debug|Win32
		{14B22099-24F2-426C-87FE-295DD8C37006}.Debug|x86.Build.0 = Debug|Win32
		{14B22099-24F2-426C-87FE-295DD8C37006}.Release|x64.ActiveCfg = Release|x64
		{14B22099-24F2-426C-87FE-295DD8C37006}.Release|x64.Build.0 = Release|x64
		{14B22099-24F2-426C-87FE-295DD8C37006}.Release|x86.ActiveCfg = Release|Win32
		{14B22099-24F2-426C-87FE-295DD8C37006}.Release|x86.Build.0 = Release|Win32
	EndGlobalSection
	GlobalSection(SolutionProperties) = preSolution
		HideSolutionNode = FALSE
	EndGlobalSection
	GlobalSection(ExtensibilityGlobals) = postSolution
		SolutionGuid = {FE1E4A66-38FA-468B-8A12-A8B8D1845437}
	EndGlobalSection
EndGlobal
