
Microsoft Visual Studio Solution File, Format Version 12.00
# Visual Studio Version 16
VisualStudioVersion = 16.0.31313.79
MinimumVisualStudioVersion = 10.0.40219.1
Project("{8BC9CEB8-8B4A-11D0-8D11-00A0C91BC942}") = "lecture1", "chapter9\chapter9.vcxproj", "{ED3DBA03-E238-430E-BE33-EF2427BF7BDC}"
EndProject
Project("{8BC9CEB8-8B4A-11D0-8D11-00A0C91BC942}") = "lecture4", "lecture4\lecture4.vcxproj", "{C7267375-DC2A-4CA6-8C5E-E0C0B0E87E88}"
EndProject
Project("{8BC9CEB8-8B4A-11D0-8D11-00A0C91BC942}") = "lecture6", "lecture6\lecture6.vcxproj", "{60C1E75A-85B1-403A-A2FF-D2D7BA603310}"
EndProject
Project("{8BC9CEB8-8B4A-11D0-8D11-00A0C91BC942}") = "lecture8", "lecture8\lecture8.vcxproj", "{A632138E-465C-4CBE-9EBA-52FBFF2F7043}"
EndProject
Project("{8BC9CEB8-8B4A-11D0-8D11-00A0C91BC942}") = "lecture9", "lecture9\lecture9.vcxproj", "{DB88046A-9F17-41C4-BB69-A3380960D8C4}"
EndProject
Project("{8BC9CEB8-8B4A-11D0-8D11-00A0C91BC942}") = "lecture10", "lecture10\lecture10.vcxproj", "{A701B5E8-0447-4B4C-9BB7-6C83428AD3A5}"
EndProject
Project("{8BC9CEB8-8B4A-11D0-8D11-00A0C91BC942}") = "lecture11", "lecture11\lecture11.vcxproj", "{22D76EAD-F446-4F15-B682-E2DFB4FE867C}"
EndProject
Project("{8BC9CEB8-8B4A-11D0-8D11-00A0C91BC942}") = "lecture13", "lecture13\lecture13.vcxproj", "{79E8F82A-2943-4465-8A9D-2AF439F1CB7E}"
EndProject
Project("{8BC9CEB8-8B4A-11D0-8D11-00A0C91BC942}") = "lecture15", "lecture15\lecture15.vcxproj", "{7AE52709-37D6-4556-8EE6-C071064423CE}"
EndProject
Global
	GlobalSection(SolutionConfigurationPlatforms) = preSolution
		Debug|x64 = Debug|x64
		Debug|x86 = Debug|x86
		Release|x64 = Release|x64
		Release|x86 = Release|x86
	EndGlobalSection
	GlobalSection(ProjectConfigurationPlatforms) = postSolution
		{ED3DBA03-E238-430E-BE33-EF2427BF7BDC}.Debug|x64.ActiveCfg = Debug|x64
		{ED3DBA03-E238-430E-BE33-EF2427BF7BDC}.Debug|x64.Build.0 = Debug|x64
		{ED3DBA03-E238-430E-BE33-EF2427BF7BDC}.Debug|x86.ActiveCfg = Debug|Win32
		{ED3DBA03-E238-430E-BE33-EF2427BF7BDC}.Debug|x86.Build.0 = Debug|Win32
		{ED3DBA03-E238-430E-BE33-EF2427BF7BDC}.Release|x64.ActiveCfg = Release|x64
		{ED3DBA03-E238-430E-BE33-EF2427BF7BDC}.Release|x64.Build.0 = Release|x64
		{ED3DBA03-E238-430E-BE33-EF2427BF7BDC}.Release|x86.ActiveCfg = Release|Win32
		{ED3DBA03-E238-430E-BE33-EF2427BF7BDC}.Release|x86.Build.0 = Release|Win32
		{C7267375-DC2A-4CA6-8C5E-E0C0B0E87E88}.Debug|x64.ActiveCfg = Debug|x64
		{C7267375-DC2A-4CA6-8C5E-E0C0B0E87E88}.Debug|x64.Build.0 = Debug|x64
		{C7267375-DC2A-4CA6-8C5E-E0C0B0E87E88}.Debug|x86.ActiveCfg = Debug|Win32
		{C7267375-DC2A-4CA6-8C5E-E0C0B0E87E88}.Debug|x86.Build.0 = Debug|Win32
		{C7267375-DC2A-4CA6-8C5E-E0C0B0E87E88}.Release|x64.ActiveCfg = Release|x64
		{C7267375-DC2A-4CA6-8C5E-E0C0B0E87E88}.Release|x64.Build.0 = Release|x64
		{C7267375-DC2A-4CA6-8C5E-E0C0B0E87E88}.Release|x86.ActiveCfg = Release|Win32
		{C7267375-DC2A-4CA6-8C5E-E0C0B0E87E88}.Release|x86.Build.0 = Release|Win32
		{60C1E75A-85B1-403A-A2FF-D2D7BA603310}.Debug|x64.ActiveCfg = Debug|x64
		{60C1E75A-85B1-403A-A2FF-D2D7BA603310}.Debug|x64.Build.0 = Debug|x64
		{60C1E75A-85B1-403A-A2FF-D2D7BA603310}.Debug|x86.ActiveCfg = Debug|Win32
		{60C1E75A-85B1-403A-A2FF-D2D7BA603310}.Debug|x86.Build.0 = Debug|Win32
		{60C1E75A-85B1-403A-A2FF-D2D7BA603310}.Release|x64.ActiveCfg = Release|x64
		{60C1E75A-85B1-403A-A2FF-D2D7BA603310}.Release|x64.Build.0 = Release|x64
		{60C1E75A-85B1-403A-A2FF-D2D7BA603310}.Release|x86.ActiveCfg = Release|Win32
		{60C1E75A-85B1-403A-A2FF-D2D7BA603310}.Release|x86.Build.0 = Release|Win32
		{A632138E-465C-4CBE-9EBA-52FBFF2F7043}.Debug|x64.ActiveCfg = Debug|x64
		{A632138E-465C-4CBE-9EBA-52FBFF2F7043}.Debug|x64.Build.0 = Debug|x64
		{A632138E-465C-4CBE-9EBA-52FBFF2F7043}.Debug|x86.ActiveCfg = Debug|Win32
		{A632138E-465C-4CBE-9EBA-52FBFF2F7043}.Debug|x86.Build.0 = Debug|Win32
		{A632138E-465C-4CBE-9EBA-52FBFF2F7043}.Release|x64.ActiveCfg = Release|x64
		{A632138E-465C-4CBE-9EBA-52FBFF2F7043}.Release|x64.Build.0 = Release|x64
		{A632138E-465C-4CBE-9EBA-52FBFF2F7043}.Release|x86.ActiveCfg = Release|Win32
		{A632138E-465C-4CBE-9EBA-52FBFF2F7043}.Release|x86.Build.0 = Release|Win32
		{DB88046A-9F17-41C4-BB69-A3380960D8C4}.Debug|x64.ActiveCfg = Debug|x64
		{DB88046A-9F17-41C4-BB69-A3380960D8C4}.Debug|x64.Build.0 = Debug|x64
		{DB88046A-9F17-41C4-BB69-A3380960D8C4}.Debug|x86.ActiveCfg = Debug|Win32
		{DB88046A-9F17-41C4-BB69-A3380960D8C4}.Debug|x86.Build.0 = Debug|Win32
		{DB88046A-9F17-41C4-BB69-A3380960D8C4}.Release|x64.ActiveCfg = Release|x64
		{DB88046A-9F17-41C4-BB69-A3380960D8C4}.Release|x64.Build.0 = Release|x64
		{DB88046A-9F17-41C4-BB69-A3380960D8C4}.Release|x86.ActiveCfg = Release|Win32
		{DB88046A-9F17-41C4-BB69-A3380960D8C4}.Release|x86.Build.0 = Release|Win32
		{A701B5E8-0447-4B4C-9BB7-6C83428AD3A5}.Debug|x64.ActiveCfg = Debug|x64
		{A701B5E8-0447-4B4C-9BB7-6C83428AD3A5}.Debug|x64.Build.0 = Debug|x64
		{A701B5E8-0447-4B4C-9BB7-6C83428AD3A5}.Debug|x86.ActiveCfg = Debug|Win32
		{A701B5E8-0447-4B4C-9BB7-6C83428AD3A5}.Debug|x86.Build.0 = Debug|Win32
		{A701B5E8-0447-4B4C-9BB7-6C83428AD3A5}.Release|x64.ActiveCfg = Release|x64
		{A701B5E8-0447-4B4C-9BB7-6C83428AD3A5}.Release|x64.Build.0 = Release|x64
		{A701B5E8-0447-4B4C-9BB7-6C83428AD3A5}.Release|x86.ActiveCfg = Release|Win32
		{A701B5E8-0447-4B4C-9BB7-6C83428AD3A5}.Release|x86.Build.0 = Release|Win32
		{22D76EAD-F446-4F15-B682-E2DFB4FE867C}.Debug|x64.ActiveCfg = Debug|x64
		{22D76EAD-F446-4F15-B682-E2DFB4FE867C}.Debug|x64.Build.0 = Debug|x64
		{22D76EAD-F446-4F15-B682-E2DFB4FE867C}.Debug|x86.ActiveCfg = Debug|Win32
		{22D76EAD-F446-4F15-B682-E2DFB4FE867C}.Debug|x86.Build.0 = Debug|Win32
		{22D76EAD-F446-4F15-B682-E2DFB4FE867C}.Release|x64.ActiveCfg = Release|x64
		{22D76EAD-F446-4F15-B682-E2DFB4FE867C}.Release|x64.Build.0 = Release|x64
		{22D76EAD-F446-4F15-B682-E2DFB4FE867C}.Release|x86.ActiveCfg = Release|Win32
		{22D76EAD-F446-4F15-B682-E2DFB4FE867C}.Release|x86.Build.0 = Release|Win32
		{79E8F82A-2943-4465-8A9D-2AF439F1CB7E}.Debug|x64.ActiveCfg = Debug|x64
		{79E8F82A-2943-4465-8A9D-2AF439F1CB7E}.Debug|x64.Build.0 = Debug|x64
		{79E8F82A-2943-4465-8A9D-2AF439F1CB7E}.Debug|x86.ActiveCfg = Debug|Win32
		{79E8F82A-2943-4465-8A9D-2AF439F1CB7E}.Debug|x86.Build.0 = Debug|Win32
		{79E8F82A-2943-4465-8A9D-2AF439F1CB7E}.Release|x64.ActiveCfg = Release|x64
		{79E8F82A-2943-4465-8A9D-2AF439F1CB7E}.Release|x64.Build.0 = Release|x64
		{79E8F82A-2943-4465-8A9D-2AF439F1CB7E}.Release|x86.ActiveCfg = Release|Win32
		{79E8F82A-2943-4465-8A9D-2AF439F1CB7E}.Release|x86.Build.0 = Release|Win32
		{7AE52709-37D6-4556-8EE6-C071064423CE}.Debug|x64.ActiveCfg = Debug|x64
		{7AE52709-37D6-4556-8EE6-C071064423CE}.Debug|x64.Build.0 = Debug|x64
		{7AE52709-37D6-4556-8EE6-C071064423CE}.Debug|x86.ActiveCfg = Debug|Win32
		{7AE52709-37D6-4556-8EE6-C071064423CE}.Debug|x86.Build.0 = Debug|Win32
		{7AE52709-37D6-4556-8EE6-C071064423CE}.Release|x64.ActiveCfg = Release|x64
		{7AE52709-37D6-4556-8EE6-C071064423CE}.Release|x64.Build.0 = Release|x64
		{7AE52709-37D6-4556-8EE6-C071064423CE}.Release|x86.ActiveCfg = Release|Win32
		{7AE52709-37D6-4556-8EE6-C071064423CE}.Release|x86.Build.0 = Release|Win32
	EndGlobalSection
	GlobalSection(SolutionProperties) = preSolution
		HideSolutionNode = FALSE
	EndGlobalSection
	GlobalSection(ExtensibilityGlobals) = postSolution
		SolutionGuid = {E6A350CC-BABF-4D4B-AE9B-5006B8574F20}
	EndGlobalSection
EndGlobal
