
Microsoft Visual Studio Solution File, Format Version 12.00
# Visual Studio Version 16
VisualStudioVersion = 16.0.31313.79
MinimumVisualStudioVersion = 10.0.40219.1
Project("{8BC9CEB8-8B4A-11D0-8D11-00A0C91BC942}") = "lecture1", "chapter6\chapter6.vcxproj", "{D298503C-DB8B-4679-A939-212B425D889C}"
EndProject
Project("{8BC9CEB8-8B4A-11D0-8D11-00A0C91BC942}") = "lecture4", "lecture5\lecture5.vcxproj", "{7F81A217-1D79-421A-A71C-8A93405CC1D5}"
EndProject
Project("{8BC9CEB8-8B4A-11D0-8D11-00A0C91BC942}") = "lecture10", "c_programmingSetting1\c_programmingSetting1.vcxproj", "{AE98C366-BB88-4B63-967E-1776C1691353}"
EndProject
Project("{8BC9CEB8-8B4A-11D0-8D11-00A0C91BC942}") = "lecture12", "lecture12\lecture12.vcxproj", "{11962772-835E-4579-9059-1ECEFF4CA32E}"
EndProject
Project("{8BC9CEB8-8B4A-11D0-8D11-00A0C91BC942}") = "lecture13", "lecture13\lecture13.vcxproj", "{86E007A8-31F6-4757-AD1C-BFE09482BD1F}"
EndProject
Project("{8BC9CEB8-8B4A-11D0-8D11-00A0C91BC942}") = "lecture15", "lecture15\lecture15.vcxproj", "{AFA0A392-E1AF-4B74-85CC-B159B49288FD}"
EndProject
Project("{8BC9CEB8-8B4A-11D0-8D11-00A0C91BC942}") = "lecture16", "lecture16\lecture16.vcxproj", "{2BCB7797-94B1-4431-B48E-FF18821B157A}"
EndProject
Project("{8BC9CEB8-8B4A-11D0-8D11-00A0C91BC942}") = "lecture17", "lecture17\lecture17.vcxproj", "{E7615286-440C-4599-8A9D-C87AB67EF185}"
EndProject
Project("{8BC9CEB8-8B4A-11D0-8D11-00A0C91BC942}") = "lecture18", "lecture18\lecture18.vcxproj", "{1482D78A-27B0-4A5B-8D6F-E6A71C49C14F}"
EndProject
Global
	GlobalSection(SolutionConfigurationPlatforms) = preSolution
		Debug|x64 = Debug|x64
		Debug|x86 = Debug|x86
		Release|x64 = Release|x64
		Release|x86 = Release|x86
	EndGlobalSection
	GlobalSection(ProjectConfigurationPlatforms) = postSolution
		{D298503C-DB8B-4679-A939-212B425D889C}.Debug|x64.ActiveCfg = Debug|x64
		{D298503C-DB8B-4679-A939-212B425D889C}.Debug|x64.Build.0 = Debug|x64
		{D298503C-DB8B-4679-A939-212B425D889C}.Debug|x86.ActiveCfg = Debug|Win32
		{D298503C-DB8B-4679-A939-212B425D889C}.Debug|x86.Build.0 = Debug|Win32
		{D298503C-DB8B-4679-A939-212B425D889C}.Release|x64.ActiveCfg = Release|x64
		{D298503C-DB8B-4679-A939-212B425D889C}.Release|x64.Build.0 = Release|x64
		{D298503C-DB8B-4679-A939-212B425D889C}.Release|x86.ActiveCfg = Release|Win32
		{D298503C-DB8B-4679-A939-212B425D889C}.Release|x86.Build.0 = Release|Win32
		{7F81A217-1D79-421A-A71C-8A93405CC1D5}.Debug|x64.ActiveCfg = Debug|x64
		{7F81A217-1D79-421A-A71C-8A93405CC1D5}.Debug|x64.Build.0 = Debug|x64
		{7F81A217-1D79-421A-A71C-8A93405CC1D5}.Debug|x86.ActiveCfg = Debug|Win32
		{7F81A217-1D79-421A-A71C-8A93405CC1D5}.Debug|x86.Build.0 = Debug|Win32
		{7F81A217-1D79-421A-A71C-8A93405CC1D5}.Release|x64.ActiveCfg = Release|x64
		{7F81A217-1D79-421A-A71C-8A93405CC1D5}.Release|x64.Build.0 = Release|x64
		{7F81A217-1D79-421A-A71C-8A93405CC1D5}.Release|x86.ActiveCfg = Release|Win32
		{7F81A217-1D79-421A-A71C-8A93405CC1D5}.Release|x86.Build.0 = Release|Win32
		{AE98C366-BB88-4B63-967E-1776C1691353}.Debug|x64.ActiveCfg = Debug|x64
		{AE98C366-BB88-4B63-967E-1776C1691353}.Debug|x64.Build.0 = Debug|x64
		{AE98C366-BB88-4B63-967E-1776C1691353}.Debug|x86.ActiveCfg = Debug|Win32
		{AE98C366-BB88-4B63-967E-1776C1691353}.Debug|x86.Build.0 = Debug|Win32
		{AE98C366-BB88-4B63-967E-1776C1691353}.Release|x64.ActiveCfg = Release|x64
		{AE98C366-BB88-4B63-967E-1776C1691353}.Release|x64.Build.0 = Release|x64
		{AE98C366-BB88-4B63-967E-1776C1691353}.Release|x86.ActiveCfg = Release|Win32
		{AE98C366-BB88-4B63-967E-1776C1691353}.Release|x86.Build.0 = Release|Win32
		{11962772-835E-4579-9059-1ECEFF4CA32E}.Debug|x64.ActiveCfg = Debug|x64
		{11962772-835E-4579-9059-1ECEFF4CA32E}.Debug|x64.Build.0 = Debug|x64
		{11962772-835E-4579-9059-1ECEFF4CA32E}.Debug|x86.ActiveCfg = Debug|Win32
		{11962772-835E-4579-9059-1ECEFF4CA32E}.Debug|x86.Build.0 = Debug|Win32
		{11962772-835E-4579-9059-1ECEFF4CA32E}.Release|x64.ActiveCfg = Release|x64
		{11962772-835E-4579-9059-1ECEFF4CA32E}.Release|x64.Build.0 = Release|x64
		{11962772-835E-4579-9059-1ECEFF4CA32E}.Release|x86.ActiveCfg = Release|Win32
		{11962772-835E-4579-9059-1ECEFF4CA32E}.Release|x86.Build.0 = Release|Win32
		{86E007A8-31F6-4757-AD1C-BFE09482BD1F}.Debug|x64.ActiveCfg = Debug|x64
		{86E007A8-31F6-4757-AD1C-BFE09482BD1F}.Debug|x64.Build.0 = Debug|x64
		{86E007A8-31F6-4757-AD1C-BFE09482BD1F}.Debug|x86.ActiveCfg = Debug|Win32
		{86E007A8-31F6-4757-AD1C-BFE09482BD1F}.Debug|x86.Build.0 = Debug|Win32
		{86E007A8-31F6-4757-AD1C-BFE09482BD1F}.Release|x64.ActiveCfg = Release|x64
		{86E007A8-31F6-4757-AD1C-BFE09482BD1F}.Release|x64.Build.0 = Release|x64
		{86E007A8-31F6-4757-AD1C-BFE09482BD1F}.Release|x86.ActiveCfg = Release|Win32
		{86E007A8-31F6-4757-AD1C-BFE09482BD1F}.Release|x86.Build.0 = Release|Win32
		{AFA0A392-E1AF-4B74-85CC-B159B49288FD}.Debug|x64.ActiveCfg = Debug|x64
		{AFA0A392-E1AF-4B74-85CC-B159B49288FD}.Debug|x64.Build.0 = Debug|x64
		{AFA0A392-E1AF-4B74-85CC-B159B49288FD}.Debug|x86.ActiveCfg = Debug|Win32
		{AFA0A392-E1AF-4B74-85CC-B159B49288FD}.Debug|x86.Build.0 = Debug|Win32
		{AFA0A392-E1AF-4B74-85CC-B159B49288FD}.Release|x64.ActiveCfg = Release|x64
		{AFA0A392-E1AF-4B74-85CC-B159B49288FD}.Release|x64.Build.0 = Release|x64
		{AFA0A392-E1AF-4B74-85CC-B159B49288FD}.Release|x86.ActiveCfg = Release|Win32
		{AFA0A392-E1AF-4B74-85CC-B159B49288FD}.Release|x86.Build.0 = Release|Win32
		{2BCB7797-94B1-4431-B48E-FF18821B157A}.Debug|x64.ActiveCfg = Debug|x64
		{2BCB7797-94B1-4431-B48E-FF18821B157A}.Debug|x64.Build.0 = Debug|x64
		{2BCB7797-94B1-4431-B48E-FF18821B157A}.Debug|x86.ActiveCfg = Debug|Win32
		{2BCB7797-94B1-4431-B48E-FF18821B157A}.Debug|x86.Build.0 = Debug|Win32
		{2BCB7797-94B1-4431-B48E-FF18821B157A}.Release|x64.ActiveCfg = Release|x64
		{2BCB7797-94B1-4431-B48E-FF18821B157A}.Release|x64.Build.0 = Release|x64
		{2BCB7797-94B1-4431-B48E-FF18821B157A}.Release|x86.ActiveCfg = Release|Win32
		{2BCB7797-94B1-4431-B48E-FF18821B157A}.Release|x86.Build.0 = Release|Win32
		{E7615286-440C-4599-8A9D-C87AB67EF185}.Debug|x64.ActiveCfg = Debug|x64
		{E7615286-440C-4599-8A9D-C87AB67EF185}.Debug|x64.Build.0 = Debug|x64
		{E7615286-440C-4599-8A9D-C87AB67EF185}.Debug|x86.ActiveCfg = Debug|Win32
		{E7615286-440C-4599-8A9D-C87AB67EF185}.Debug|x86.Build.0 = Debug|Win32
		{E7615286-440C-4599-8A9D-C87AB67EF185}.Release|x64.ActiveCfg = Release|x64
		{E7615286-440C-4599-8A9D-C87AB67EF185}.Release|x64.Build.0 = Release|x64
		{E7615286-440C-4599-8A9D-C87AB67EF185}.Release|x86.ActiveCfg = Release|Win32
		{E7615286-440C-4599-8A9D-C87AB67EF185}.Release|x86.Build.0 = Release|Win32
		{1482D78A-27B0-4A5B-8D6F-E6A71C49C14F}.Debug|x64.ActiveCfg = Debug|x64
		{1482D78A-27B0-4A5B-8D6F-E6A71C49C14F}.Debug|x64.Build.0 = Debug|x64
		{1482D78A-27B0-4A5B-8D6F-E6A71C49C14F}.Debug|x86.ActiveCfg = Debug|Win32
		{1482D78A-27B0-4A5B-8D6F-E6A71C49C14F}.Debug|x86.Build.0 = Debug|Win32
		{1482D78A-27B0-4A5B-8D6F-E6A71C49C14F}.Release|x64.ActiveCfg = Release|x64
		{1482D78A-27B0-4A5B-8D6F-E6A71C49C14F}.Release|x64.Build.0 = Release|x64
		{1482D78A-27B0-4A5B-8D6F-E6A71C49C14F}.Release|x86.ActiveCfg = Release|Win32
		{1482D78A-27B0-4A5B-8D6F-E6A71C49C14F}.Release|x86.Build.0 = Release|Win32
	EndGlobalSection
	GlobalSection(SolutionProperties) = preSolution
		HideSolutionNode = FALSE
	EndGlobalSection
	GlobalSection(ExtensibilityGlobals) = postSolution
		SolutionGuid = {91794B9D-4081-4FC1-8CD8-96692117E0BD}
	EndGlobalSection
EndGlobal
